
Microsoft Visual Studio Solution File, Format Version 12.00
# Visual Studio 2013
VisualStudioVersion = 12.0.30110.0
MinimumVisualStudioVersion = 10.0.40219.1
Project("{FAE04EC0-301F-11D3-BF4B-00C04F79EFBC}") = "LambdaDependencies", "LambdaDependencies\LambdaDependencies.csproj", "{C7D8D111-B848-4D00-92DB-7CA49F1D8EC2}"
EndProject
Project("{FAE04EC0-301F-11D3-BF4B-00C04F79EFBC}") = "LambdaDependencies.Tests", "LambdaDependencies.Tests\LambdaDependencies.Tests.csproj", "{A7CAB844-34E4-4412-9034-B0FAB1BBAF66}"
EndProject
Project("{2150E333-8FDC-42A3-9474-1A3956D46DE8}") = "External", "External", "{C4B3AE8A-3798-4F70-93C1-FA6CD0B9C01F}"
EndProject
Project("{FAE04EC0-301F-11D3-BF4B-00C04F79EFBC}") = "Voltmeter", "Voltmeter\Voltmeter.csproj", "{48F2D8A8-E8E7-43DA-9C66-2A5E54F13F5C}"
EndProject
Project("{FAE04EC0-301F-11D3-BF4B-00C04F79EFBC}") = "Voltmeter.Tests", "Voltmeter.Tests\Voltmeter.Tests.csproj", "{23E02DA2-CDEB-4258-B6D2-DC72A58E2862}"
EndProject
Project("{FAE04EC0-301F-11D3-BF4B-00C04F79EFBC}") = "Voltmeter.UI", "Voltmeter.UI\Voltmeter.UI.csproj", "{E103C76A-ADDD-498E-A1EB-FCE41EB76477}"
EndProject
Project("{FAE04EC0-301F-11D3-BF4B-00C04F79EFBC}") = "DC.Energy.Meter", "DC.Energy.Meter\DC.Energy.Meter.csproj", "{A5E6B0E7-69B1-4CE0-9FDE-CAF549C19F87}"
EndProject
Global
	GlobalSection(SolutionConfigurationPlatforms) = preSolution
		Debug|Any CPU = Debug|Any CPU
		Release|Any CPU = Release|Any CPU
	EndGlobalSection
	GlobalSection(ProjectConfigurationPlatforms) = postSolution
		{C7D8D111-B848-4D00-92DB-7CA49F1D8EC2}.Debug|Any CPU.ActiveCfg = Debug|Any CPU
		{C7D8D111-B848-4D00-92DB-7CA49F1D8EC2}.Debug|Any CPU.Build.0 = Debug|Any CPU
		{C7D8D111-B848-4D00-92DB-7CA49F1D8EC2}.Release|Any CPU.ActiveCfg = Release|Any CPU
		{C7D8D111-B848-4D00-92DB-7CA49F1D8EC2}.Release|Any CPU.Build.0 = Release|Any CPU
		{A7CAB844-34E4-4412-9034-B0FAB1BBAF66}.Debug|Any CPU.ActiveCfg = Debug|Any CPU
		{A7CAB844-34E4-4412-9034-B0FAB1BBAF66}.Debug|Any CPU.Build.0 = Debug|Any CPU
		{A7CAB844-34E4-4412-9034-B0FAB1BBAF66}.Release|Any CPU.ActiveCfg = Release|Any CPU
		{A7CAB844-34E4-4412-9034-B0FAB1BBAF66}.Release|Any CPU.Build.0 = Release|Any CPU
		{48F2D8A8-E8E7-43DA-9C66-2A5E54F13F5C}.Debug|Any CPU.ActiveCfg = Debug|Any CPU
		{48F2D8A8-E8E7-43DA-9C66-2A5E54F13F5C}.Debug|Any CPU.Build.0 = Debug|Any CPU
		{48F2D8A8-E8E7-43DA-9C66-2A5E54F13F5C}.Release|Any CPU.ActiveCfg = Release|Any CPU
		{48F2D8A8-E8E7-43DA-9C66-2A5E54F13F5C}.Release|Any CPU.Build.0 = Release|Any CPU
		{23E02DA2-CDEB-4258-B6D2-DC72A58E2862}.Debug|Any CPU.ActiveCfg = Debug|Any CPU
		{23E02DA2-CDEB-4258-B6D2-DC72A58E2862}.Debug|Any CPU.Build.0 = Debug|Any CPU
		{23E02DA2-CDEB-4258-B6D2-DC72A58E2862}.Release|Any CPU.ActiveCfg = Release|Any CPU
		{23E02DA2-CDEB-4258-B6D2-DC72A58E2862}.Release|Any CPU.Build.0 = Release|Any CPU
		{E103C76A-ADDD-498E-A1EB-FCE41EB76477}.Debug|Any CPU.ActiveCfg = Debug|Any CPU
		{E103C76A-ADDD-498E-A1EB-FCE41EB76477}.Debug|Any CPU.Build.0 = Debug|Any CPU
		{E103C76A-ADDD-498E-A1EB-FCE41EB76477}.Release|Any CPU.ActiveCfg = Release|Any CPU
		{E103C76A-ADDD-498E-A1EB-FCE41EB76477}.Release|Any CPU.Build.0 = Release|Any CPU
		{A5E6B0E7-69B1-4CE0-9FDE-CAF549C19F87}.Debug|Any CPU.ActiveCfg = Debug|Any CPU
		{A5E6B0E7-69B1-4CE0-9FDE-CAF549C19F87}.Release|Any CPU.ActiveCfg = Release|Any CPU
	EndGlobalSection
	GlobalSection(SolutionProperties) = preSolution
		HideSolutionNode = FALSE
	EndGlobalSection
	GlobalSection(NestedProjects) = preSolution
		{A7CAB844-34E4-4412-9034-B0FAB1BBAF66} = {C4B3AE8A-3798-4F70-93C1-FA6CD0B9C01F}
		{C7D8D111-B848-4D00-92DB-7CA49F1D8EC2} = {C4B3AE8A-3798-4F70-93C1-FA6CD0B9C01F}
	EndGlobalSection
EndGlobal
